// !$*UTF8*$!
{
	archiveVersion = 1;
	classes = {
	};
	objectVersion = 46;
	objects = {

/* Begin PBXBuildFile section */
		319FDE6E19BCFAF70005FD77 /* Foundation.framework in Frameworks */ = {isa = PBXBuildFile; fileRef = 319FDE6D19BCFAF70005FD77 /* Foundation.framework */; };
		319FDE7019BCFAF70005FD77 /* CoreGraphics.framework in Frameworks */ = {isa = PBXBuildFile; fileRef = 319FDE6F19BCFAF70005FD77 /* CoreGraphics.framework */; };
		319FDE7219BCFAF70005FD77 /* UIKit.framework in Frameworks */ = {isa = PBXBuildFile; fileRef = 319FDE7119BCFAF70005FD77 /* UIKit.framework */; };
		319FDE7819BCFAF70005FD77 /* InfoPlist.strings in Resources */ = {isa = PBXBuildFile; fileRef = 319FDE7619BCFAF70005FD77 /* InfoPlist.strings */; };
		319FDE7A19BCFAF70005FD77 /* main.m in Sources */ = {isa = PBXBuildFile; fileRef = 319FDE7919BCFAF70005FD77 /* main.m */; };
		319FDE7E19BCFAF70005FD77 /* AppDelegate.m in Sources */ = {isa = PBXBuildFile; fileRef = 319FDE7D19BCFAF70005FD77 /* AppDelegate.m */; };
		319FDE8019BCFAF70005FD77 /* Images.xcassets in Resources */ = {isa = PBXBuildFile; fileRef = 319FDE7F19BCFAF70005FD77 /* Images.xcassets */; };
		319FDE8719BCFAF70005FD77 /* XCTest.framework in Frameworks */ = {isa = PBXBuildFile; fileRef = 319FDE8619BCFAF70005FD77 /* XCTest.framework */; };
		319FDE8819BCFAF70005FD77 /* Foundation.framework in Frameworks */ = {isa = PBXBuildFile; fileRef = 319FDE6D19BCFAF70005FD77 /* Foundation.framework */; };
		319FDE8919BCFAF70005FD77 /* UIKit.framework in Frameworks */ = {isa = PBXBuildFile; fileRef = 319FDE7119BCFAF70005FD77 /* UIKit.framework */; };
		319FDE9119BCFAF70005FD77 /* InfoPlist.strings in Resources */ = {isa = PBXBuildFile; fileRef = 319FDE8F19BCFAF70005FD77 /* InfoPlist.strings */; };
		319FDE9319BCFAF70005FD77 /* tipcal1Tests.m in Sources */ = {isa = PBXBuildFile; fileRef = 319FDE9219BCFAF70005FD77 /* tipcal1Tests.m */; };
		319FDE9F19BCFD5E0005FD77 /* TipViewController.m in Sources */ = {isa = PBXBuildFile; fileRef = 319FDE9D19BCFD5E0005FD77 /* TipViewController.m */; };
		319FDEA019BCFD5E0005FD77 /* TipViewController.xib in Resources */ = {isa = PBXBuildFile; fileRef = 319FDE9E19BCFD5E0005FD77 /* TipViewController.xib */; };
		319FDEA419BD14B00005FD77 /* SettingsViewController.m in Sources */ = {isa = PBXBuildFile; fileRef = 319FDEA219BD14B00005FD77 /* SettingsViewController.m */; };
		319FDEA519BD14B00005FD77 /* SettingsViewController.xib in Resources */ = {isa = PBXBuildFile; fileRef = 319FDEA319BD14B00005FD77 /* SettingsViewController.xib */; };
/* End PBXBuildFile section */

/* Begin PBXContainerItemProxy section */
		319FDE8A19BCFAF70005FD77 /* PBXContainerItemProxy */ = {
			isa = PBXContainerItemProxy;
			containerPortal = 319FDE6219BCFAF70005FD77 /* Project object */;
			proxyType = 1;
			remoteGlobalIDString = 319FDE6919BCFAF70005FD77;
			remoteInfo = tipcal1;
		};
/* End PBXContainerItemProxy section */

/* Begin PBXFileReference section */
		319FDE6A19BCFAF70005FD77 /* tipcal1.app */ = {isa = PBXFileReference; explicitFileType = wrapper.application; includeInIndex = 0; path = tipcal1.app; sourceTree = BUILT_PRODUCTS_DIR; };
		319FDE6D19BCFAF70005FD77 /* Foundation.framework */ = {isa = PBXFileReference; lastKnownFileType = wrapper.framework; name = Foundation.framework; path = System/Library/Frameworks/Foundation.framework; sourceTree = SDKROOT; };
		319FDE6F19BCFAF70005FD77 /* CoreGraphics.framework */ = {isa = PBXFileReference; lastKnownFileType = wrapper.framework; name = CoreGraphics.framework; path = System/Library/Frameworks/CoreGraphics.framework; sourceTree = SDKROOT; };
		319FDE7119BCFAF70005FD77 /* UIKit.framework */ = {isa = PBXFileReference; lastKnownFileType = wrapper.framework; name = UIKit.framework; path = System/Library/Frameworks/UIKit.framework; sourceTree = SDKROOT; };
		319FDE7519BCFAF70005FD77 /* tipcal1-Info.plist */ = {isa = PBXFileReference; lastKnownFileType = text.plist.xml; path = "tipcal1-Info.plist"; sourceTree = "<group>"; };
		319FDE7719BCFAF70005FD77 /* en */ = {isa = PBXFileReference; lastKnownFileType = text.plist.strings; name = en; path = en.lproj/InfoPlist.strings; sourceTree = "<group>"; };
		319FDE7919BCFAF70005FD77 /* main.m */ = {isa = PBXFileReference; lastKnownFileType = sourcecode.c.objc; path = main.m; sourceTree = "<group>"; };
		319FDE7B19BCFAF70005FD77 /* tipcal1-Prefix.pch */ = {isa = PBXFileReference; lastKnownFileType = sourcecode.c.h; path = "tipcal1-Prefix.pch"; sourceTree = "<group>"; };
		319FDE7C19BCFAF70005FD77 /* AppDelegate.h */ = {isa = PBXFileReference; lastKnownFileType = sourcecode.c.h; path = AppDelegate.h; sourceTree = "<group>"; };
		319FDE7D19BCFAF70005FD77 /* AppDelegate.m */ = {isa = PBXFileReference; lastKnownFileType = sourcecode.c.objc; path = AppDelegate.m; sourceTree = "<group>"; };
		319FDE7F19BCFAF70005FD77 /* Images.xcassets */ = {isa = PBXFileReference; lastKnownFileType = folder.assetcatalog; path = Images.xcassets; sourceTree = "<group>"; };
		319FDE8519BCFAF70005FD77 /* tipcal1Tests.xctest */ = {isa = PBXFileReference; explicitFileType = wrapper.cfbundle; includeInIndex = 0; path = tipcal1Tests.xctest; sourceTree = BUILT_PRODUCTS_DIR; };
		319FDE8619BCFAF70005FD77 /* XCTest.framework */ = {isa = PBXFileReference; lastKnownFileType = wrapper.framework; name = XCTest.framework; path = Library/Frameworks/XCTest.framework; sourceTree = DEVELOPER_DIR; };
		319FDE8E19BCFAF70005FD77 /* tipcal1Tests-Info.plist */ = {isa = PBXFileReference; lastKnownFileType = text.plist.xml; path = "tipcal1Tests-Info.plist"; sourceTree = "<group>"; };
		319FDE9019BCFAF70005FD77 /* en */ = {isa = PBXFileReference; lastKnownFileType = text.plist.strings; name = en; path = en.lproj/InfoPlist.strings; sourceTree = "<group>"; };
		319FDE9219BCFAF70005FD77 /* tipcal1Tests.m */ = {isa = PBXFileReference; lastKnownFileType = sourcecode.c.objc; path = tipcal1Tests.m; sourceTree = "<group>"; };
		319FDE9C19BCFD5E0005FD77 /* TipViewController.h */ = {isa = PBXFileReference; fileEncoding = 4; lastKnownFileType = sourcecode.c.h; path = TipViewController.h; sourceTree = "<group>"; };
		319FDE9D19BCFD5E0005FD77 /* TipViewController.m */ = {isa = PBXFileReference; fileEncoding = 4; lastKnownFileType = sourcecode.c.objc; path = TipViewController.m; sourceTree = "<group>"; };
		319FDE9E19BCFD5E0005FD77 /* TipViewController.xib */ = {isa = PBXFileReference; fileEncoding = 4; lastKnownFileType = file.xib; path = TipViewController.xib; sourceTree = "<group>"; };
		319FDEA119BD14B00005FD77 /* SettingsViewController.h */ = {isa = PBXFileReference; fileEncoding = 4; lastKnownFileType = sourcecode.c.h; path = SettingsViewController.h; sourceTree = "<group>"; };
		319FDEA219BD14B00005FD77 /* SettingsViewController.m */ = {isa = PBXFileReference; fileEncoding = 4; lastKnownFileType = sourcecode.c.objc; path = SettingsViewController.m; sourceTree = "<group>"; };
		319FDEA319BD14B00005FD77 /* SettingsViewController.xib */ = {isa = PBXFileReference; fileEncoding = 4; lastKnownFileType = file.xib; path = SettingsViewController.xib; sourceTree = "<group>"; };
/* End PBXFileReference section */

/* Begin PBXFrameworksBuildPhase section */
		319FDE6719BCFAF70005FD77 /* Frameworks */ = {
			isa = PBXFrameworksBuildPhase;
			buildActionMask = 2147483647;
			files = (
				319FDE7019BCFAF70005FD77 /* CoreGraphics.framework in Frameworks */,
				319FDE7219BCFAF70005FD77 /* UIKit.framework in Frameworks */,
				319FDE6E19BCFAF70005FD77 /* Foundation.framework in Frameworks */,
			);
			runOnlyForDeploymentPostprocessing = 0;
		};
		319FDE8219BCFAF70005FD77 /* Frameworks */ = {
			isa = PBXFrameworksBuildPhase;
			buildActionMask = 2147483647;
			files = (
				319FDE8719BCFAF70005FD77 /* XCTest.framework in Frameworks */,
				319FDE8919BCFAF70005FD77 /* UIKit.framework in Frameworks */,
				319FDE8819BCFAF70005FD77 /* Foundation.framework in Frameworks */,
			);
			runOnlyForDeploymentPostprocessing = 0;
		};
/* End PBXFrameworksBuildPhase section */

/* Begin PBXGroup section */
		319FDE6119BCFAF70005FD77 = {
			isa = PBXGroup;
			children = (
				319FDE7319BCFAF70005FD77 /* tipcal1 */,
				319FDE8C19BCFAF70005FD77 /* tipcal1Tests */,
				319FDE6C19BCFAF70005FD77 /* Frameworks */,
				319FDE6B19BCFAF70005FD77 /* Products */,
			);
			sourceTree = "<group>";
		};
		319FDE6B19BCFAF70005FD77 /* Products */ = {
			isa = PBXGroup;
			children = (
				319FDE6A19BCFAF70005FD77 /* tipcal1.app */,
				319FDE8519BCFAF70005FD77 /* tipcal1Tests.xctest */,
			);
			name = Products;
			sourceTree = "<group>";
		};
		319FDE6C19BCFAF70005FD77 /* Frameworks */ = {
			isa = PBXGroup;
			children = (
				319FDE6D19BCFAF70005FD77 /* Foundation.framework */,
				319FDE6F19BCFAF70005FD77 /* CoreGraphics.framework */,
				319FDE7119BCFAF70005FD77 /* UIKit.framework */,
				319FDE8619BCFAF70005FD77 /* XCTest.framework */,
			);
			name = Frameworks;
			sourceTree = "<group>";
		};
		319FDE7319BCFAF70005FD77 /* tipcal1 */ = {
			isa = PBXGroup;
			children = (
				319FDE7C19BCFAF70005FD77 /* AppDelegate.h */,
				319FDE7D19BCFAF70005FD77 /* AppDelegate.m */,
				319FDE7F19BCFAF70005FD77 /* Images.xcassets */,
				319FDE7419BCFAF70005FD77 /* Supporting Files */,
				319FDE9C19BCFD5E0005FD77 /* TipViewController.h */,
				319FDE9D19BCFD5E0005FD77 /* TipViewController.m */,
				319FDE9E19BCFD5E0005FD77 /* TipViewController.xib */,
				319FDEA119BD14B00005FD77 /* SettingsViewController.h */,
				319FDEA219BD14B00005FD77 /* SettingsViewController.m */,
				319FDEA319BD14B00005FD77 /* SettingsViewController.xib */,
			);
			path = tipcal1;
			sourceTree = "<group>";
		};
		319FDE7419BCFAF70005FD77 /* Supporting Files */ = {
			isa = PBXGroup;
			children = (
				319FDE7519BCFAF70005FD77 /* tipcal1-Info.plist */,
				319FDE7619BCFAF70005FD77 /* InfoPlist.strings */,
				319FDE7919BCFAF70005FD77 /* main.m */,
				319FDE7B19BCFAF70005FD77 /* tipcal1-Prefix.pch */,
			);
			name = "Supporting Files";
			sourceTree = "<group>";
		};
		319FDE8C19BCFAF70005FD77 /* tipcal1Tests */ = {
			isa = PBXGroup;
			children = (
				319FDE9219BCFAF70005FD77 /* tipcal1Tests.m */,
				319FDE8D19BCFAF70005FD77 /* Supporting Files */,
			);
			path = tipcal1Tests;
			sourceTree = "<group>";
		};
		319FDE8D19BCFAF70005FD77 /* Supporting Files */ = {
			isa = PBXGroup;
			children = (
				319FDE8E19BCFAF70005FD77 /* tipcal1Tests-Info.plist */,
				319FDE8F19BCFAF70005FD77 /* InfoPlist.strings */,
			);
			name = "Supporting Files";
			sourceTree = "<group>";
		};
/* End PBXGroup section */

/* Begin PBXNativeTarget section */
		319FDE6919BCFAF70005FD77 /* tipcal1 */ = {
			isa = PBXNativeTarget;
			buildConfigurationList = 319FDE9619BCFAF70005FD77 /* Build configuration list for PBXNativeTarget "tipcal1" */;
			buildPhases = (
				319FDE6619BCFAF70005FD77 /* Sources */,
				319FDE6719BCFAF70005FD77 /* Frameworks */,
				319FDE6819BCFAF70005FD77 /* Resources */,
			);
			buildRules = (
			);
			dependencies = (
			);
			name = tipcal1;
			productName = tipcal1;
			productReference = 319FDE6A19BCFAF70005FD77 /* tipcal1.app */;
			productType = "com.apple.product-type.application";
		};
		319FDE8419BCFAF70005FD77 /* tipcal1Tests */ = {
			isa = PBXNativeTarget;
			buildConfigurationList = 319FDE9919BCFAF70005FD77 /* Build configuration list for PBXNativeTarget "tipcal1Tests" */;
			buildPhases = (
				319FDE8119BCFAF70005FD77 /* Sources */,
				319FDE8219BCFAF70005FD77 /* Frameworks */,
				319FDE8319BCFAF70005FD77 /* Resources */,
			);
			buildRules = (
			);
			dependencies = (
				319FDE8B19BCFAF70005FD77 /* PBXTargetDependency */,
			);
			name = tipcal1Tests;
			productName = tipcal1Tests;
			productReference = 319FDE8519BCFAF70005FD77 /* tipcal1Tests.xctest */;
			productType = "com.apple.product-type.bundle.unit-test";
		};
/* End PBXNativeTarget section */

/* Begin PBXProject section */
		319FDE6219BCFAF70005FD77 /* Project object */ = {
			isa = PBXProject;
			attributes = {
				LastUpgradeCheck = 0500;
				ORGANIZATIONNAME = Priya;
				TargetAttributes = {
					319FDE8419BCFAF70005FD77 = {
						TestTargetID = 319FDE6919BCFAF70005FD77;
					};
				};
			};
			buildConfigurationList = 319FDE6519BCFAF70005FD77 /* Build configuration list for PBXProject "tipcal1" */;
			compatibilityVersion = "Xcode 3.2";
			developmentRegion = English;
			hasScannedForEncodings = 0;
			knownRegions = (
				en,
			);
			mainGroup = 319FDE6119BCFAF70005FD77;
			productRefGroup = 319FDE6B19BCFAF70005FD77 /* Products */;
			projectDirPath = "";
			projectRoot = "";
			targets = (
				319FDE6919BCFAF70005FD77 /* tipcal1 */,
				319FDE8419BCFAF70005FD77 /* tipcal1Tests */,
			);
		};
/* End PBXProject section */

/* Begin PBXResourcesBuildPhase section */
		319FDE6819BCFAF70005FD77 /* Resources */ = {
			isa = PBXResourcesBuildPhase;
			buildActionMask = 2147483647;
			files = (
				319FDEA019BCFD5E0005FD77 /* TipViewController.xib in Resources */,
				319FDE7819BCFAF70005FD77 /* InfoPlist.strings in Resources */,
				319FDE8019BCFAF70005FD77 /* Images.xcassets in Resources */,
				319FDEA519BD14B00005FD77 /* SettingsViewController.xib in Resources */,
			);
			runOnlyForDeploymentPostprocessing = 0;
		};
		319FDE8319BCFAF70005FD77 /* Resources */ = {
			isa = PBXResourcesBuildPhase;
			buildActionMask = 2147483647;
			files = (
				319FDE9119BCFAF70005FD77 /* InfoPlist.strings in Resources */,
			);
			runOnlyForDeploymentPostprocessing = 0;
		};
/* End PBXResourcesBuildPhase section */

/* Begin PBXSourcesBuildPhase section */
		319FDE6619BCFAF70005FD77 /* Sources */ = {
			isa = PBXSourcesBuildPhase;
			buildActionMask = 2147483647;
			files = (
				319FDE7E19BCFAF70005FD77 /* AppDelegate.m in Sources */,
				319FDE9F19BCFD5E0005FD77 /* TipViewController.m in Sources */,
				319FDE7A19BCFAF70005FD77 /* main.m in Sources */,
				319FDEA419BD14B00005FD77 /* SettingsViewController.m in Sources */,
			);
			runOnlyForDeploymentPostprocessing = 0;
		};
		319FDE8119BCFAF70005FD77 /* Sources */ = {
			isa = PBXSourcesBuildPhase;
			buildActionMask = 2147483647;
			files = (
				319FDE9319BCFAF70005FD77 /* tipcal1Tests.m in Sources */,
			);
			runOnlyForDeploymentPostprocessing = 0;
		};
/* End PBXSourcesBuildPhase section */

/* Begin PBXTargetDependency section */
		319FDE8B19BCFAF70005FD77 /* PBXTargetDependency */ = {
			isa = PBXTargetDependency;
			target = 319FDE6919BCFAF70005FD77 /* tipcal1 */;
			targetProxy = 319FDE8A19BCFAF70005FD77 /* PBXContainerItemProxy */;
		};
/* End PBXTargetDependency section */

/* Begin PBXVariantGroup section */
		319FDE7619BCFAF70005FD77 /* InfoPlist.strings */ = {
			isa = PBXVariantGroup;
			children = (
				319FDE7719BCFAF70005FD77 /* en */,
			);
			name = InfoPlist.strings;
			sourceTree = "<group>";
		};
		319FDE8F19BCFAF70005FD77 /* InfoPlist.strings */ = {
			isa = PBXVariantGroup;
			children = (
				319FDE9019BCFAF70005FD77 /* en */,
			);
			name = InfoPlist.strings;
			sourceTree = "<group>";
		};
/* End PBXVariantGroup section */

/* Begin XCBuildConfiguration section */
		319FDE9419BCFAF70005FD77 /* Debug */ = {
			isa = XCBuildConfiguration;
			buildSettings = {
				ALWAYS_SEARCH_USER_PATHS = NO;
				ARCHS = "$(ARCHS_STANDARD_INCLUDING_64_BIT)";
				CLANG_CXX_LANGUAGE_STANDARD = "gnu++0x";
				CLANG_CXX_LIBRARY = "libc++";
				CLANG_ENABLE_MODULES = YES;
				CLANG_ENABLE_OBJC_ARC = YES;
				CLANG_WARN_BOOL_CONVERSION = YES;
				CLANG_WARN_CONSTANT_CONVERSION = YES;
				CLANG_WARN_DIRECT_OBJC_ISA_USAGE = YES_ERROR;
				CLANG_WARN_EMPTY_BODY = YES;
				CLANG_WARN_ENUM_CONVERSION = YES;
				CLANG_WARN_INT_CONVERSION = YES;
				CLANG_WARN_OBJC_ROOT_CLASS = YES_ERROR;
				CLANG_WARN__DUPLICATE_METHOD_MATCH = YES;
				"CODE_SIGN_IDENTITY[sdk=iphoneos*]" = "iPhone Developer";
				COPY_PHASE_STRIP = NO;
				GCC_C_LANGUAGE_STANDARD = gnu99;
				GCC_DYNAMIC_NO_PIC = NO;
				GCC_OPTIMIZATION_LEVEL = 0;
				GCC_PREPROCESSOR_DEFINITIONS = (
					"DEBUG=1",
					"$(inherited)",
				);
				GCC_SYMBOLS_PRIVATE_EXTERN = NO;
				GCC_WARN_64_TO_32_BIT_CONVERSION = YES;
				GCC_WARN_ABOUT_RETURN_TYPE = YES_ERROR;
				GCC_WARN_UNDECLARED_SELECTOR = YES;
				GCC_WARN_UNINITIALIZED_AUTOS = YES;
				GCC_WARN_UNUSED_FUNCTION = YES;
				GCC_WARN_UNUSED_VARIABLE = YES;
				IPHONEOS_DEPLOYMENT_TARGET = 7.0;
				ONLY_ACTIVE_ARCH = YES;
				SDKROOT = iphoneos;
			};
			name = Debug;
		};
		319FDE9519BCFAF70005FD77 /* Release */ = {
			isa = XCBuildConfiguration;
			buildSettings = {
				ALWAYS_SEARCH_USER_PATHS = NO;
				ARCHS = "$(ARCHS_STANDARD_INCLUDING_64_BIT)";
				CLANG_CXX_LANGUAGE_STANDARD = "gnu++0x";
				CLANG_CXX_LIBRARY = "libc++";
				CLANG_ENABLE_MODULES = YES;
				CLANG_ENABLE_OBJC_ARC = YES;
				CLANG_WARN_BOOL_CONVERSION = YES;
				CLANG_WARN_CONSTANT_CONVERSION = YES;
				CLANG_WARN_DIRECT_OBJC_ISA_USAGE = YES_ERROR;
				CLANG_WARN_EMPTY_BODY = YES;
				CLANG_WARN_ENUM_CONVERSION = YES;
				CLANG_WARN_INT_CONVERSION = YES;
				CLANG_WARN_OBJC_ROOT_CLASS = YES_ERROR;
				CLANG_WARN__DUPLICATE_METHOD_MATCH = YES;
				"CODE_SIGN_IDENTITY[sdk=iphoneos*]" = "iPhone Developer";
				COPY_PHASE_STRIP = YES;
				ENABLE_NS_ASSERTIONS = NO;
				GCC_C_LANGUAGE_STANDARD = gnu99;
				GCC_WARN_64_TO_32_BIT_CONVERSION = YES;
				GCC_WARN_ABOUT_RETURN_TYPE = YES_ERROR;
				GCC_WARN_UNDECLARED_SELECTOR = YES;
				GCC_WARN_UNINITIALIZED_AUTOS = YES;
				GCC_WARN_UNUSED_FUNCTION = YES;
				GCC_WARN_UNUSED_VARIABLE = YES;
				IPHONEOS_DEPLOYMENT_TARGET = 7.0;
				SDKROOT = iphoneos;
				VALIDATE_PRODUCT = YES;
			};
			name = Release;
		};
		319FDE9719BCFAF70005FD77 /* Debug */ = {
			isa = XCBuildConfiguration;
			buildSettings = {
				ASSETCATALOG_COMPILER_APPICON_NAME = AppIcon;
				ASSETCATALOG_COMPILER_LAUNCHIMAGE_NAME = LaunchImage;
				GCC_PRECOMPILE_PREFIX_HEADER = YES;
				GCC_PREFIX_HEADER = "tipcal1/tipcal1-Prefix.pch";
				INFOPLIST_FILE = "tipcal1/tipcal1-Info.plist";
				PRODUCT_NAME = "$(TARGET_NAME)";
				WRAPPER_EXTENSION = app;
			};
			name = Debug;
		};
		319FDE9819BCFAF70005FD77 /* Release */ = {
			isa = XCBuildConfiguration;
			buildSettings = {
				ASSETCATALOG_COMPILER_APPICON_NAME = AppIcon;
				ASSETCATALOG_COMPILER_LAUNCHIMAGE_NAME = LaunchImage;
				GCC_PRECOMPILE_PREFIX_HEADER = YES;
				GCC_PREFIX_HEADER = "tipcal1/tipcal1-Prefix.pch";
				INFOPLIST_FILE = "tipcal1/tipcal1-Info.plist";
				PRODUCT_NAME = "$(TARGET_NAME)";
				WRAPPER_EXTENSION = app;
			};
			name = Release;
		};
		319FDE9A19BCFAF70005FD77 /* Debug */ = {
			isa = XCBuildConfiguration;
			buildSettings = {
				ARCHS = "$(ARCHS_STANDARD_INCLUDING_64_BIT)";
				BUNDLE_LOADER = "$(BUILT_PRODUCTS_DIR)/tipcal1.app/tipcal1";
				FRAMEWORK_SEARCH_PATHS = (
					"$(SDKROOT)/Developer/Library/Frameworks",
					"$(inherited)",
					"$(DEVELOPER_FRAMEWORKS_DIR)",
				);
				GCC_PRECOMPILE_PREFIX_HEADER = YES;
				GCC_PREFIX_HEADER = "tipcal1/tipcal1-Prefix.pch";
				GCC_PREPROCESSOR_DEFINITIONS = (
					"DEBUG=1",
					"$(inherited)",
				);
				INFOPLIST_FILE = "tipcal1Tests/tipcal1Tests-Info.plist";
				PRODUCT_NAME = "$(TARGET_NAME)";
				TEST_HOST = "$(BUNDLE_LOADER)";
				WRAPPER_EXTENSION = xctest;
			};
			name = Debug;
		};
		319FDE9B19BCFAF70005FD77 /* Release */ = {
			isa = XCBuildConfiguration;
			buildSettings = {
				ARCHS = "$(ARCHS_STANDARD_INCLUDING_64_BIT)";
				BUNDLE_LOADER = "$(BUILT_PRODUCTS_DIR)/tipcal1.app/tipcal1";
				FRAMEWORK_SEARCH_PATHS = (
					"$(SDKROOT)/Developer/Library/Frameworks",
					"$(inherited)",
					"$(DEVELOPER_FRAMEWORKS_DIR)",
				);
				GCC_PRECOMPILE_PREFIX_HEADER = YES;
				GCC_PREFIX_HEADER = "tipcal1/tipcal1-Prefix.pch";
				INFOPLIST_FILE = "tipcal1Tests/tipcal1Tests-Info.plist";
				PRODUCT_NAME = "$(TARGET_NAME)";
				TEST_HOST = "$(BUNDLE_LOADER)";
				WRAPPER_EXTENSION = xctest;
			};
			name = Release;
		};
/* End XCBuildConfiguration section */

/* Begin XCConfigurationList section */
		319FDE6519BCFAF70005FD77 /* Build configuration list for PBXProject "tipcal1" */ = {
			isa = XCConfigurationList;
			buildConfigurations = (
				319FDE9419BCFAF70005FD77 /* Debug */,
				319FDE9519BCFAF70005FD77 /* Release */,
			);
			defaultConfigurationIsVisible = 0;
			defaultConfigurationName = Release;
		};
		319FDE9619BCFAF70005FD77 /* Build configuration list for PBXNativeTarget "tipcal1" */ = {
			isa = XCConfigurationList;
			buildConfigurations = (
				319FDE9719BCFAF70005FD77 /* Debug */,
				319FDE9819BCFAF70005FD77 /* Release */,
			);
			defaultConfigurationIsVisible = 0;
			defaultConfigurationName = Release;
		};
		319FDE9919BCFAF70005FD77 /* Build configuration list for PBXNativeTarget "tipcal1Tests" */ = {
			isa = XCConfigurationList;
			buildConfigurations = (
				319FDE9A19BCFAF70005FD77 /* Debug */,
				319FDE9B19BCFAF70005FD77 /* Release */,
			);
			defaultConfigurationIsVisible = 0;
			defaultConfigurationName = Release;
		};
/* End XCConfigurationList section */
	};
	rootObject = 319FDE6219BCFAF70005FD77 /* Project object */;
}
